
Microsoft Visual Studio Solution File, Format Version 12.00
# Visual Studio Version 17
VisualStudioVersion = 17.7.34018.315
MinimumVisualStudioVersion = 10.0.40219.1
Project("{9A19103F-16F7-4668-BE54-9A1E7A4F7556}") = "TH_BUOI2", "TH_BUOI2\TH_BUOI2.csproj", "{F4FF0F12-6BBE-479B-8AB8-4FFC120B381B}"
EndProject
Global
	GlobalSection(SolutionConfigurationPlatforms) = preSolution
		Debug|Any CPU = Debug|Any CPU
		Release|Any CPU = Release|Any CPU
	EndGlobalSection
	GlobalSection(ProjectConfigurationPlatforms) = postSolution
		{F4FF0F12-6BBE-479B-8AB8-4FFC120B381B}.Debug|Any CPU.ActiveCfg = Debug|Any CPU
		{F4FF0F12-6BBE-479B-8AB8-4FFC120B381B}.Debug|Any CPU.Build.0 = Debug|Any CPU
		{F4FF0F12-6BBE-479B-8AB8-4FFC120B381B}.Release|Any CPU.ActiveCfg = Release|Any CPU
		{F4FF0F12-6BBE-479B-8AB8-4FFC120B381B}.Release|Any CPU.Build.0 = Release|Any CPU
	EndGlobalSection
	GlobalSection(SolutionProperties) = preSolution
		HideSolutionNode = FALSE
	EndGlobalSection
	GlobalSection(ExtensibilityGlobals) = postSolution
		SolutionGuid = {EEA0525D-3024-47AB-9F42-D00A6EC49E2B}
	EndGlobalSection
EndGlobal
